
Microsoft Visual Studio Solution File, Format Version 12.00
# Visual Studio 2013
VisualStudioVersion = 12.0.31101.0
MinimumVisualStudioVersion = 10.0.40219.1
Project("{FAE04EC0-301F-11D3-BF4B-00C04F79EFBC}") = "Cinders.Core", "CindersCore\Cinders.Core.csproj", "{7AF38447-A83E-47A1-BBC0-E2FD5B85D6C4}"
EndProject
Project("{FAE04EC0-301F-11D3-BF4B-00C04F79EFBC}") = "Cinders.Tests", "..\..\tests\Cinders.Tests\Cinders.Tests\Cinders.Tests.csproj", "{38833A4F-B54E-41F7-8B4A-6A8961CBD0A6}"
EndProject
Global
	GlobalSection(SolutionConfigurationPlatforms) = preSolution
		Debug|Any CPU = Debug|Any CPU
		Release|Any CPU = Release|Any CPU
	EndGlobalSection
	GlobalSection(ProjectConfigurationPlatforms) = postSolution
		{7AF38447-A83E-47A1-BBC0-E2FD5B85D6C4}.Debug|Any CPU.ActiveCfg = Debug|Any CPU
		{7AF38447-A83E-47A1-BBC0-E2FD5B85D6C4}.Debug|Any CPU.Build.0 = Debug|Any CPU
		{7AF38447-A83E-47A1-BBC0-E2FD5B85D6C4}.Release|Any CPU.ActiveCfg = Release|Any CPU
		{7AF38447-A83E-47A1-BBC0-E2FD5B85D6C4}.Release|Any CPU.Build.0 = Release|Any CPU
		{38833A4F-B54E-41F7-8B4A-6A8961CBD0A6}.Debug|Any CPU.ActiveCfg = Debug|Any CPU
		{38833A4F-B54E-41F7-8B4A-6A8961CBD0A6}.Debug|Any CPU.Build.0 = Debug|Any CPU
		{38833A4F-B54E-41F7-8B4A-6A8961CBD0A6}.Release|Any CPU.ActiveCfg = Release|Any CPU
		{38833A4F-B54E-41F7-8B4A-6A8961CBD0A6}.Release|Any CPU.Build.0 = Release|Any CPU
	EndGlobalSection
	GlobalSection(SolutionProperties) = preSolution
		HideSolutionNode = FALSE
	EndGlobalSection
EndGlobal
